<?xml version="1.0" encoding="utf-8"?>
<Project ToolsVersion="4.0" xmlns="http://schemas.microsoft.com/developer/msbuild/2003">
  <ItemGroup>
    <Filter Include="Source Files">
      <UniqueIdentifier>{4FC737F1-C7A5-4376-A066-2A32D752A2FF}</UniqueIdentifier>
      <Extensions>cpp;c;cc;cxx;def;odl;idl;hpj;bat;asm;asmx</Extensions>
    </Filter>
    <Filter Include="Header Files">
      <UniqueIdentifier>{93995380-89BD-4b04-88EB-625FBE52EBFB}</UniqueIdentifier>
      <Extensions>h;hh;hpp;hxx;hm;inl;inc;xsd</Extensions>
    </Filter>
    <Filter Include="Resource Files">
      <UniqueIdentifier>{67DA6AB6-F800-4c08-8B7A-83BB121AAD01}</UniqueIdentifier>
      <Extensions>rc;ico;cur;bmp;dlg;rc2;rct;bin;rgs;gif;jpg;jpeg;jpe;resx;tiff;tif;png;wav;mfcribbon-ms</Extensions>
    </Filter>
    <Filter Include="Source Files\Particle System">
      <UniqueIdentifier>{f4be6a36-1457-4041-8ac5-6aa491dbfdbc}</UniqueIdentifier>
    </Filter>
    <Filter Include="Source Files\Game States">
      <UniqueIdentifier>{90e692aa-a074-46b1-baec-c556e5dd2585}</UniqueIdentifier>
    </Filter>
    <Filter Include="Header Files\Particle System">
      <UniqueIdentifier>{7be9445b-5bc1-4640-90b5-6957271e3d4d}</UniqueIdentifier>
    </Filter>
    <Filter Include="Header Files\Game States">
      <UniqueIdentifier>{c3efc77f-0ac3-42b7-98fa-a77d3c02939e}</UniqueIdentifier>
    </Filter>
    <Filter Include="Header Files\Helper classes">
      <UniqueIdentifier>{3d0b1b50-162d-4f70-86ad-f9f75de74e96}</UniqueIdentifier>
    </Filter>
    <Filter Include="Source Files\Helper classes">
      <UniqueIdentifier>{b5b065cb-81a7-46f6-9f5a-cfdd2eb4c212}</UniqueIdentifier>
    </Filter>
  </ItemGroup>
  <ItemGroup>
    <ClInclude Include="Globals.h">
      <Filter>Header Files</Filter>
    </ClInclude>
    <ClInclude Include="CoreGame.h">
      <Filter>Header Files</Filter>
    </ClInclude>
    <ClInclude Include="CParticleSys.h">
      <Filter>Header Files\Particle System</Filter>
    </ClInclude>
    <ClInclude Include="CParticle.h">
      <Filter>Header Files\Particle System</Filter>
    </ClInclude>
    <ClInclude Include="CParticleSysMan.h">
      <Filter>Header Files\Particle System</Filter>
    </ClInclude>
    <ClInclude Include="CIntroState.h">
      <Filter>Header Files\Game States</Filter>
    </ClInclude>
    <ClInclude Include="CButton.h">
      <Filter>Header Files\Helper classes</Filter>
    </ClInclude>
    <ClInclude Include="CTexture.h">
      <Filter>Header Files\Helper classes</Filter>
    </ClInclude>
  </ItemGroup>
  <ItemGroup>
    <ClCompile Include="Main.cpp">
      <Filter>Source Files</Filter>
    </ClCompile>
    <ClCompile Include="Globals.cpp">
      <Filter>Source Files</Filter>
    </ClCompile>
    <ClCompile Include="CoreGame.cpp">
      <Filter>Source Files</Filter>
    </ClCompile>
    <ClCompile Include="CParticle.cpp">
      <Filter>Source Files\Particle System</Filter>
    </ClCompile>
    <ClCompile Include="CParticleSys.cpp">
      <Filter>Source Files\Particle System</Filter>
    </ClCompile>
    <ClCompile Include="CParticleSysMan.cpp">
      <Filter>Source Files\Particle System</Filter>
    </ClCompile>
    <ClCompile Include="CIntroState.cpp">
      <Filter>Source Files\Game States</Filter>
    </ClCompile>
    <ClCompile Include="CTexture.cpp">
      <Filter>Source Files\Helper classes</Filter>
    </ClCompile>
    <ClCompile Include="CButton.cpp">
      <Filter>Source Files\Helper classes</Filter>
    </ClCompile>
  </ItemGroup>
</Project>